
Microsoft Visual Studio Solution File, Format Version 12.00
# Visual Studio Version 17
VisualStudioVersion = 17.5.002.0
MinimumVisualStudioVersion = 10.0.40219.1
Project("{9A19103F-16F7-4668-BE54-9A1E7A4F7556}") = "Homework_1", "Homework_1.csproj", "{CAE574F1-93D1-4254-88D8-BD4F5BEF9724}"
EndProject
Global
	GlobalSection(SolutionConfigurationPlatforms) = preSolution
		Debug|Any CPU = Debug|Any CPU
		Release|Any CPU = Release|Any CPU
	EndGlobalSection
	GlobalSection(ProjectConfigurationPlatforms) = postSolution
		{CAE574F1-93D1-4254-88D8-BD4F5BEF9724}.Debug|Any CPU.ActiveCfg = Debug|Any CPU
		{CAE574F1-93D1-4254-88D8-BD4F5BEF9724}.Debug|Any CPU.Build.0 = Debug|Any CPU
		{CAE574F1-93D1-4254-88D8-BD4F5BEF9724}.Release|Any CPU.ActiveCfg = Release|Any CPU
		{CAE574F1-93D1-4254-88D8-BD4F5BEF9724}.Release|Any CPU.Build.0 = Release|Any CPU
	EndGlobalSection
	GlobalSection(SolutionProperties) = preSolution
		HideSolutionNode = FALSE
	EndGlobalSection
	GlobalSection(ExtensibilityGlobals) = postSolution
		SolutionGuid = {12308336-0646-42D7-A0A6-8D00A18B5D40}
	EndGlobalSection
EndGlobal
